
Microsoft Visual Studio Solution File, Format Version 12.00
# Visual Studio 15
VisualStudioVersion = 15.0.27004.2005
MinimumVisualStudioVersion = 10.0.40219.1
Project("{FAE04EC0-301F-11D3-BF4B-00C04F79EFBC}") = "AgeGender", "AgeGender\AgeGender.csproj", "{CBA9D73C-7412-4889-AD34-EFC97413D23E}"
EndProject
Project("{FAE04EC0-301F-11D3-BF4B-00C04F79EFBC}") = "SmallShop", "SmallShop\SmallShop.csproj", "{C831F9AC-F44C-4B44-9648-1A65104879D1}"
EndProject
Project("{FAE04EC0-301F-11D3-BF4B-00C04F79EFBC}") = "DayOfWeek", "DayOfWeek\DayOfWeek.csproj", "{7563B37D-CE27-472C-81DB-B25E6471C539}"
EndProject
Global
	GlobalSection(SolutionConfigurationPlatforms) = preSolution
		Debug|Any CPU = Debug|Any CPU
		Release|Any CPU = Release|Any CPU
	EndGlobalSection
	GlobalSection(ProjectConfigurationPlatforms) = postSolution
		{CBA9D73C-7412-4889-AD34-EFC97413D23E}.Debug|Any CPU.ActiveCfg = Debug|Any CPU
		{CBA9D73C-7412-4889-AD34-EFC97413D23E}.Debug|Any CPU.Build.0 = Debug|Any CPU
		{CBA9D73C-7412-4889-AD34-EFC97413D23E}.Release|Any CPU.ActiveCfg = Release|Any CPU
		{CBA9D73C-7412-4889-AD34-EFC97413D23E}.Release|Any CPU.Build.0 = Release|Any CPU
		{C831F9AC-F44C-4B44-9648-1A65104879D1}.Debug|Any CPU.ActiveCfg = Debug|Any CPU
		{C831F9AC-F44C-4B44-9648-1A65104879D1}.Debug|Any CPU.Build.0 = Debug|Any CPU
		{C831F9AC-F44C-4B44-9648-1A65104879D1}.Release|Any CPU.ActiveCfg = Release|Any CPU
		{C831F9AC-F44C-4B44-9648-1A65104879D1}.Release|Any CPU.Build.0 = Release|Any CPU
		{7563B37D-CE27-472C-81DB-B25E6471C539}.Debug|Any CPU.ActiveCfg = Debug|Any CPU
		{7563B37D-CE27-472C-81DB-B25E6471C539}.Debug|Any CPU.Build.0 = Debug|Any CPU
		{7563B37D-CE27-472C-81DB-B25E6471C539}.Release|Any CPU.ActiveCfg = Release|Any CPU
		{7563B37D-CE27-472C-81DB-B25E6471C539}.Release|Any CPU.Build.0 = Release|Any CPU
	EndGlobalSection
	GlobalSection(SolutionProperties) = preSolution
		HideSolutionNode = FALSE
	EndGlobalSection
	GlobalSection(ExtensibilityGlobals) = postSolution
		SolutionGuid = {CAFC3D68-7BE3-4ED7-9BB3-742934DA9D59}
	EndGlobalSection
EndGlobal
