
Microsoft Visual Studio Solution File, Format Version 12.00
# Visual Studio 15
VisualStudioVersion = 15.0.27004.2005
MinimumVisualStudioVersion = 10.0.40219.1
Project("{FAE04EC0-301F-11D3-BF4B-00C04F79EFBC}") = "myArrays", "myArray\myArrays.csproj", "{4AB09175-0F97-4AD0-9684-5646DE24E7C1}"
EndProject
Project("{FAE04EC0-301F-11D3-BF4B-00C04F79EFBC}") = "symetricArray", "symetricArray\symetricArray.csproj", "{144025D4-6F68-403A-8A07-A0584203BF9C}"
EndProject
Project("{FAE04EC0-301F-11D3-BF4B-00C04F79EFBC}") = "ExerciseNo01", "ExerciseNo01\ExerciseNo01.csproj", "{EDB4EDBA-2199-4C94-A217-428A9C882574}"
EndProject
Project("{FAE04EC0-301F-11D3-BF4B-00C04F79EFBC}") = "ExerciseNo02", "ExcersiceNo02\ExerciseNo02.csproj", "{9F9631A0-E77A-45AC-B728-563A81AAED3B}"
EndProject
Project("{FAE04EC0-301F-11D3-BF4B-00C04F79EFBC}") = "ExerciseNo03-A", "ExerciseNo03\ExerciseNo03-A.csproj", "{320A3C6A-701E-4873-BE98-0F28450973B1}"
EndProject
Project("{FAE04EC0-301F-11D3-BF4B-00C04F79EFBC}") = "ExerciseNo03-B", "ExerciseNo03-B\ExerciseNo03-B.csproj", "{D82F1299-CF84-44F3-A3F2-068FC344E8B2}"
EndProject
Project("{FAE04EC0-301F-11D3-BF4B-00C04F79EFBC}") = "ExerciseNo04", "BestLength\ExerciseNo04.csproj", "{04E193B0-5D32-4C9F-A53E-6013BC1CE09E}"
EndProject
Project("{FAE04EC0-301F-11D3-BF4B-00C04F79EFBC}") = "ExerciseNo05", "ExerciseNo05\ExerciseNo05.csproj", "{3C41EDFF-1E4E-4E0F-8B2E-62E9410DC089}"
EndProject
Project("{FAE04EC0-301F-11D3-BF4B-00C04F79EFBC}") = "ExerciseNo06", "ExerciseNo06\ExerciseNo06.csproj", "{37FD2765-C8A1-42F8-BD61-884C3AAACD5A}"
EndProject
Project("{FAE04EC0-301F-11D3-BF4B-00C04F79EFBC}") = "ExerciseNo07", "Exercise07\ExerciseNo07.csproj", "{6D209C91-3DBC-40FB-8458-50D818158E72}"
EndProject
Project("{FAE04EC0-301F-11D3-BF4B-00C04F79EFBC}") = "ExerciseNo08", "ExcerciseNo08\ExerciseNo08.csproj", "{294FC6E7-A7A8-4C27-BA9F-D621025BEFF2}"
EndProject
Project("{FAE04EC0-301F-11D3-BF4B-00C04F79EFBC}") = "ExerciseNo09", "ExerciseNo09\ExerciseNo09.csproj", "{A012C5EF-0449-4A74-ACEF-3D705BD89B13}"
EndProject
Project("{FAE04EC0-301F-11D3-BF4B-00C04F79EFBC}") = "Exercise10", "Exercise10\Exercise10.csproj", "{51F7CFCA-E139-4B6E-9E5B-1C84E5B7254C}"
EndProject
Project("{FAE04EC0-301F-11D3-BF4B-00C04F79EFBC}") = "ExerciseNo10-B", "ExerciseNo10-B\ExerciseNo10-B.csproj", "{924420C3-80DD-4D7E-8A76-6A0598331BA2}"
EndProject
Global
	GlobalSection(SolutionConfigurationPlatforms) = preSolution
		Debug|Any CPU = Debug|Any CPU
		Release|Any CPU = Release|Any CPU
	EndGlobalSection
	GlobalSection(ProjectConfigurationPlatforms) = postSolution
		{4AB09175-0F97-4AD0-9684-5646DE24E7C1}.Debug|Any CPU.ActiveCfg = Debug|Any CPU
		{4AB09175-0F97-4AD0-9684-5646DE24E7C1}.Debug|Any CPU.Build.0 = Debug|Any CPU
		{4AB09175-0F97-4AD0-9684-5646DE24E7C1}.Release|Any CPU.ActiveCfg = Release|Any CPU
		{4AB09175-0F97-4AD0-9684-5646DE24E7C1}.Release|Any CPU.Build.0 = Release|Any CPU
		{144025D4-6F68-403A-8A07-A0584203BF9C}.Debug|Any CPU.ActiveCfg = Debug|Any CPU
		{144025D4-6F68-403A-8A07-A0584203BF9C}.Debug|Any CPU.Build.0 = Debug|Any CPU
		{144025D4-6F68-403A-8A07-A0584203BF9C}.Release|Any CPU.ActiveCfg = Release|Any CPU
		{144025D4-6F68-403A-8A07-A0584203BF9C}.Release|Any CPU.Build.0 = Release|Any CPU
		{EDB4EDBA-2199-4C94-A217-428A9C882574}.Debug|Any CPU.ActiveCfg = Debug|Any CPU
		{EDB4EDBA-2199-4C94-A217-428A9C882574}.Debug|Any CPU.Build.0 = Debug|Any CPU
		{EDB4EDBA-2199-4C94-A217-428A9C882574}.Release|Any CPU.ActiveCfg = Release|Any CPU
		{EDB4EDBA-2199-4C94-A217-428A9C882574}.Release|Any CPU.Build.0 = Release|Any CPU
		{9F9631A0-E77A-45AC-B728-563A81AAED3B}.Debug|Any CPU.ActiveCfg = Debug|Any CPU
		{9F9631A0-E77A-45AC-B728-563A81AAED3B}.Debug|Any CPU.Build.0 = Debug|Any CPU
		{9F9631A0-E77A-45AC-B728-563A81AAED3B}.Release|Any CPU.ActiveCfg = Release|Any CPU
		{9F9631A0-E77A-45AC-B728-563A81AAED3B}.Release|Any CPU.Build.0 = Release|Any CPU
		{320A3C6A-701E-4873-BE98-0F28450973B1}.Debug|Any CPU.ActiveCfg = Debug|Any CPU
		{320A3C6A-701E-4873-BE98-0F28450973B1}.Debug|Any CPU.Build.0 = Debug|Any CPU
		{320A3C6A-701E-4873-BE98-0F28450973B1}.Release|Any CPU.ActiveCfg = Release|Any CPU
		{320A3C6A-701E-4873-BE98-0F28450973B1}.Release|Any CPU.Build.0 = Release|Any CPU
		{D82F1299-CF84-44F3-A3F2-068FC344E8B2}.Debug|Any CPU.ActiveCfg = Debug|Any CPU
		{D82F1299-CF84-44F3-A3F2-068FC344E8B2}.Debug|Any CPU.Build.0 = Debug|Any CPU
		{D82F1299-CF84-44F3-A3F2-068FC344E8B2}.Release|Any CPU.ActiveCfg = Release|Any CPU
		{D82F1299-CF84-44F3-A3F2-068FC344E8B2}.Release|Any CPU.Build.0 = Release|Any CPU
		{04E193B0-5D32-4C9F-A53E-6013BC1CE09E}.Debug|Any CPU.ActiveCfg = Debug|Any CPU
		{04E193B0-5D32-4C9F-A53E-6013BC1CE09E}.Debug|Any CPU.Build.0 = Debug|Any CPU
		{04E193B0-5D32-4C9F-A53E-6013BC1CE09E}.Release|Any CPU.ActiveCfg = Release|Any CPU
		{04E193B0-5D32-4C9F-A53E-6013BC1CE09E}.Release|Any CPU.Build.0 = Release|Any CPU
		{3C41EDFF-1E4E-4E0F-8B2E-62E9410DC089}.Debug|Any CPU.ActiveCfg = Debug|Any CPU
		{3C41EDFF-1E4E-4E0F-8B2E-62E9410DC089}.Debug|Any CPU.Build.0 = Debug|Any CPU
		{3C41EDFF-1E4E-4E0F-8B2E-62E9410DC089}.Release|Any CPU.ActiveCfg = Release|Any CPU
		{3C41EDFF-1E4E-4E0F-8B2E-62E9410DC089}.Release|Any CPU.Build.0 = Release|Any CPU
		{37FD2765-C8A1-42F8-BD61-884C3AAACD5A}.Debug|Any CPU.ActiveCfg = Debug|Any CPU
		{37FD2765-C8A1-42F8-BD61-884C3AAACD5A}.Debug|Any CPU.Build.0 = Debug|Any CPU
		{37FD2765-C8A1-42F8-BD61-884C3AAACD5A}.Release|Any CPU.ActiveCfg = Release|Any CPU
		{37FD2765-C8A1-42F8-BD61-884C3AAACD5A}.Release|Any CPU.Build.0 = Release|Any CPU
		{6D209C91-3DBC-40FB-8458-50D818158E72}.Debug|Any CPU.ActiveCfg = Debug|Any CPU
		{6D209C91-3DBC-40FB-8458-50D818158E72}.Debug|Any CPU.Build.0 = Debug|Any CPU
		{6D209C91-3DBC-40FB-8458-50D818158E72}.Release|Any CPU.ActiveCfg = Release|Any CPU
		{6D209C91-3DBC-40FB-8458-50D818158E72}.Release|Any CPU.Build.0 = Release|Any CPU
		{294FC6E7-A7A8-4C27-BA9F-D621025BEFF2}.Debug|Any CPU.ActiveCfg = Debug|Any CPU
		{294FC6E7-A7A8-4C27-BA9F-D621025BEFF2}.Debug|Any CPU.Build.0 = Debug|Any CPU
		{294FC6E7-A7A8-4C27-BA9F-D621025BEFF2}.Release|Any CPU.ActiveCfg = Release|Any CPU
		{294FC6E7-A7A8-4C27-BA9F-D621025BEFF2}.Release|Any CPU.Build.0 = Release|Any CPU
		{A012C5EF-0449-4A74-ACEF-3D705BD89B13}.Debug|Any CPU.ActiveCfg = Debug|Any CPU
		{A012C5EF-0449-4A74-ACEF-3D705BD89B13}.Debug|Any CPU.Build.0 = Debug|Any CPU
		{A012C5EF-0449-4A74-ACEF-3D705BD89B13}.Release|Any CPU.ActiveCfg = Release|Any CPU
		{A012C5EF-0449-4A74-ACEF-3D705BD89B13}.Release|Any CPU.Build.0 = Release|Any CPU
		{51F7CFCA-E139-4B6E-9E5B-1C84E5B7254C}.Debug|Any CPU.ActiveCfg = Debug|Any CPU
		{51F7CFCA-E139-4B6E-9E5B-1C84E5B7254C}.Debug|Any CPU.Build.0 = Debug|Any CPU
		{51F7CFCA-E139-4B6E-9E5B-1C84E5B7254C}.Release|Any CPU.ActiveCfg = Release|Any CPU
		{51F7CFCA-E139-4B6E-9E5B-1C84E5B7254C}.Release|Any CPU.Build.0 = Release|Any CPU
		{924420C3-80DD-4D7E-8A76-6A0598331BA2}.Debug|Any CPU.ActiveCfg = Debug|Any CPU
		{924420C3-80DD-4D7E-8A76-6A0598331BA2}.Debug|Any CPU.Build.0 = Debug|Any CPU
		{924420C3-80DD-4D7E-8A76-6A0598331BA2}.Release|Any CPU.ActiveCfg = Release|Any CPU
		{924420C3-80DD-4D7E-8A76-6A0598331BA2}.Release|Any CPU.Build.0 = Release|Any CPU
	EndGlobalSection
	GlobalSection(SolutionProperties) = preSolution
		HideSolutionNode = FALSE
	EndGlobalSection
	GlobalSection(ExtensibilityGlobals) = postSolution
		SolutionGuid = {8AE5A827-C851-4944-B07A-164D50CEA717}
	EndGlobalSection
EndGlobal
